
Microsoft Visual Studio Solution File, Format Version 12.00
# Visual Studio Version 18
VisualStudioVersion = 18.1.11304.174
MinimumVisualStudioVersion = 10.0.40219.1
Project("{2150E333-8FDC-42A3-9474-1A3956D46DE8}") = "Services", "Services", "{5854FF58-B8C5-05C6-5BF2-ACE42193F22B}"
EndProject
Project("{2150E333-8FDC-42A3-9474-1A3956D46DE8}") = "Notification", "Notification", "{EDF976B3-B1D5-9C5C-314D-F965FB2448D0}"
EndProject
Project("{FAE04EC0-301F-11D3-BF4B-00C04F79EFBC}") = "AirlineBookingSystem.Notifications.Api", "Services\Notifications\AirlineBookingSystem.Notifications.Api\AirlineBookingSystem.Notifications.Api.csproj", "{D360530D-9B15-4B90-A19C-851307018F86}"
EndProject
Project("{FAE04EC0-301F-11D3-BF4B-00C04F79EFBC}") = "AirlineBookingSystem.Notifications.Application", "Services\Notifications\AirlineBookingSystem.Notifications.Application\AirlineBookingSystem.Notifications.Application.csproj", "{F53BB222-3E22-46A3-AB5D-D84ACF0B225F}"
EndProject
Project("{FAE04EC0-301F-11D3-BF4B-00C04F79EFBC}") = "AirlineBookingSystem.Notifications.Core", "Services\Notifications\AirlineBookingSystem.Notifications.Core\AirlineBookingSystem.Notifications.Core.csproj", "{971C2434-71B8-4CF7-B31C-F69D28401911}"
EndProject
Project("{FAE04EC0-301F-11D3-BF4B-00C04F79EFBC}") = "AirlineBookingSystem.Notifications.Infrastructure", "Services\Notifications\AirlineBookingSystem.Notifications.Infrastructure\AirlineBookingSystem.Notifications.Infrastructure.csproj", "{9ED0DC2D-096D-4437-909E-7A88C25F4C5D}"
EndProject
Project("{2150E333-8FDC-42A3-9474-1A3956D46DE8}") = "Booking", "Booking", "{BE8E6D17-A4D8-4CFA-B793-E8A5524D83E0}"
EndProject
Project("{FAE04EC0-301F-11D3-BF4B-00C04F79EFBC}") = "AirlineBookingSystem.Bookings.Api", "Services\Booking\AirlineBookingSystem.Bookings.Api\AirlineBookingSystem.Bookings.Api.csproj", "{2C1A01B7-AA58-87B8-5312-6E9E399C3F12}"
EndProject
Project("{FAE04EC0-301F-11D3-BF4B-00C04F79EFBC}") = "AirlineBookingSystem.Bookings.Application", "Services\Booking\AirlineBookingSystem.Bookings.Application\AirlineBookingSystem.Bookings.Application.csproj", "{BCFAC49D-0AED-46F3-25B0-C42874FDBC94}"
EndProject
Project("{FAE04EC0-301F-11D3-BF4B-00C04F79EFBC}") = "AirlineBookingSystem.Bookings.Core", "Services\Booking\AirlineBookingSystem.Bookings.Core\AirlineBookingSystem.Bookings.Core.csproj", "{F7AA2F33-7900-839A-2E23-AD4EA93E0902}"
EndProject
Project("{FAE04EC0-301F-11D3-BF4B-00C04F79EFBC}") = "AirlineBookingSystem.Bookings.Infrastructure", "Services\Booking\AirlineBookingSystem.Bookings.Infrastructure\AirlineBookingSystem.Bookings.Infrastructure.csproj", "{82D2D62C-47C8-9F6C-212E-6E2DA9AED904}"
EndProject
Project("{2150E333-8FDC-42A3-9474-1A3956D46DE8}") = "Flight", "Flight", "{62DE7812-E789-4CD3-A505-D85BFB2B3DF2}"
EndProject
Project("{FAE04EC0-301F-11D3-BF4B-00C04F79EFBC}") = "AirlineBookingSystem.Fights.Api", "Services\Flight\AirlineBookingSystem.Fights.Api\AirlineBookingSystem.Fights.Api.csproj", "{7A0E6895-9C7E-BC00-68E0-1DF0D40DA417}"
EndProject
Project("{FAE04EC0-301F-11D3-BF4B-00C04F79EFBC}") = "AirlineBookingSystem.Fights.Application", "Services\Flight\AirlineBookingSystem.Fights.Application\AirlineBookingSystem.Fights.Application.csproj", "{BAC85D2E-4157-D1B9-1D90-181DC806B87F}"
EndProject
Project("{FAE04EC0-301F-11D3-BF4B-00C04F79EFBC}") = "AirlineBookingSystem.Fights.Core", "Services\Flight\AirlineBookingSystem.Fights.Core\AirlineBookingSystem.Fights.Core.csproj", "{13D1725A-22C7-F9AA-2E2D-4A36D8EBFE24}"
EndProject
Project("{FAE04EC0-301F-11D3-BF4B-00C04F79EFBC}") = "AirlineBookingSystem.Fights.Infrastructure", "Services\Flight\AirlineBookingSystem.Fights.Infrastructure\AirlineBookingSystem.Fights.Infrastructure.csproj", "{472E92FF-07CF-FA76-769E-809C89FB3BD6}"
EndProject
Project("{2150E333-8FDC-42A3-9474-1A3956D46DE8}") = "Payment", "Payment", "{7ABB3F84-C605-494D-85B9-7A546633AFDD}"
EndProject
Project("{FAE04EC0-301F-11D3-BF4B-00C04F79EFBC}") = "AirlineBookingSystem.Payments.Api", "Services\Payment\AirlineBookingSystem.Payments.Api\AirlineBookingSystem.Payments.Api.csproj", "{F5A786B6-B80A-8E3A-8355-5FCE2FE114AE}"
EndProject
Project("{FAE04EC0-301F-11D3-BF4B-00C04F79EFBC}") = "AirlineBookingSystem.Payments.Application", "Services\Payment\AirlineBookingSystem.Payments.Application\AirlineBookingSystem.Payments.Application.csproj", "{2F1499B2-C406-BDAF-FCFB-D31F491C57D6}"
EndProject
Project("{FAE04EC0-301F-11D3-BF4B-00C04F79EFBC}") = "AirlineBookingSystem.Payments.Core", "Services\Payment\AirlineBookingSystem.Payments.Core\AirlineBookingSystem.Payments.Core.csproj", "{08E1D64D-46FE-3220-1798-97DAA5A35723}"
EndProject
Project("{FAE04EC0-301F-11D3-BF4B-00C04F79EFBC}") = "AirlineBookingSystem.Payments.Infrastructure", "Services\Payment\AirlineBookingSystem.Payments.Infrastructure\AirlineBookingSystem.Payments.Infrastructure.csproj", "{FBD680F6-22DD-9352-3CB3-AFE2658B0F02}"
EndProject
Project("{2150E333-8FDC-42A3-9474-1A3956D46DE8}") = "BuildingBlocks", "BuildingBlocks", "{E8C6D983-4E9E-47FE-A765-0B16403B378E}"
EndProject
Project("{2150E333-8FDC-42A3-9474-1A3956D46DE8}") = "Services-UnitTesting", "Services-UnitTesting", "{55B7C061-2E2A-44D5-B7C5-5C8D4F2277E3}"
EndProject
Project("{2150E333-8FDC-42A3-9474-1A3956D46DE8}") = "Booking", "Booking", "{85BA3BC5-E19F-455F-9477-F3799AAC2326}"
EndProject
Project("{FAE04EC0-301F-11D3-BF4B-00C04F79EFBC}") = "AirlineBookingSystem.Bookings.Api.Tests", "Services-UnitTesting\Booking\AirlineBookingSystem.Bookings.Api.Tests\AirlineBookingSystem.Bookings.Api.Tests.csproj", "{7F997E06-D38D-BDEE-B70A-A108B567C45F}"
EndProject
Project("{FAE04EC0-301F-11D3-BF4B-00C04F79EFBC}") = "AirlineBookingSystem.Bookings.Application.Tests", "Services-UnitTesting\Booking\AirlineBookingSystem.Bookings.Application.Tests\AirlineBookingSystem.Bookings.Application.Tests.csproj", "{D85F0CF5-502A-0DB0-8484-95591359A260}"
EndProject
Project("{FAE04EC0-301F-11D3-BF4B-00C04F79EFBC}") = "AirlineBookingSystem.Bookings.Core.Tests", "Services-UnitTesting\Booking\AirlineBookingSystem.Bookings.Core.Tests\AirlineBookingSystem.Bookings.Core.Tests.csproj", "{632317D4-F51A-88A5-2457-B4B0D96A41CD}"
EndProject
Project("{FAE04EC0-301F-11D3-BF4B-00C04F79EFBC}") = "AirlineBookingSystem.Bookings.Infrastructure.Tests", "Services-UnitTesting\Booking\AirlineBookingSystem.Bookings.Infrastructure.Tests\AirlineBookingSystem.Bookings.Infrastructure.Tests.csproj", "{1A003CEB-C355-327A-9756-8665790775FC}"
EndProject
Project("{2150E333-8FDC-42A3-9474-1A3956D46DE8}") = "Flight", "Flight", "{06D0B168-7E6F-4E69-94FC-3D11A88B8643}"
EndProject
Project("{2150E333-8FDC-42A3-9474-1A3956D46DE8}") = "Notification", "Notification", "{CD63609C-4539-462B-A4C4-22B1D385FC8D}"
EndProject
Project("{2150E333-8FDC-42A3-9474-1A3956D46DE8}") = "Payment", "Payment", "{45AB681A-D5FF-43DE-AAA1-562D1A30EF48}"
EndProject
Project("{FAE04EC0-301F-11D3-BF4B-00C04F79EFBC}") = "AirlineBookingSystem.Flights.Api.Tests", "Services-UnitTesting\Flight\AirlineBookingSystem.Flights.Api.Tests\AirlineBookingSystem.Flights.Api.Tests.csproj", "{94F2B23C-8A20-9591-21DD-2CDF501F7258}"
EndProject
Project("{FAE04EC0-301F-11D3-BF4B-00C04F79EFBC}") = "AirlineBookingSystem.Flights.Application.Tests", "Services-UnitTesting\Flight\AirlineBookingSystem.Flights.Application.Tests\AirlineBookingSystem.Flights.Application.Tests.csproj", "{CA6292F7-FFC6-2D1A-A7E4-07047C04A49E}"
EndProject
Project("{FAE04EC0-301F-11D3-BF4B-00C04F79EFBC}") = "AirlineBookingSystem.Flights.Core.Tests", "Services-UnitTesting\Flight\AirlineBookingSystem.Flights.Core.Tests\AirlineBookingSystem.Flights.Core.Tests.csproj", "{33352947-0DEF-EBB5-FF29-EA5214495CDD}"
EndProject
Project("{FAE04EC0-301F-11D3-BF4B-00C04F79EFBC}") = "AirlineBookingSystem.Flights.Infrastructure.Tests", "Services-UnitTesting\Flight\AirlineBookingSystem.Flights.Infrastructure.Tests\AirlineBookingSystem.Flights.Infrastructure.Tests.csproj", "{FA5F111E-FA7F-3086-98BC-362220E64E49}"
EndProject
Project("{FAE04EC0-301F-11D3-BF4B-00C04F79EFBC}") = "AirlineBookingSystem.Notifications.Api.Tests", "Services-UnitTesting\Notification\AirlineBookingSystem.Notifications.Api.Tests\AirlineBookingSystem.Notifications.Api.Tests.csproj", "{9284C082-82E2-9394-9CA4-718916B03FC3}"
EndProject
Project("{FAE04EC0-301F-11D3-BF4B-00C04F79EFBC}") = "AirlineBookingSystem.Notifications.Application.Tests", "Services-UnitTesting\Notification\AirlineBookingSystem.Notifications.Application.Tests\AirlineBookingSystem.Notifications.Application.Tests.csproj", "{A23800A9-0BB5-D095-7A0D-9694135E4D12}"
EndProject
Project("{FAE04EC0-301F-11D3-BF4B-00C04F79EFBC}") = "AirlineBookingSystem.Notifications.Core.Tests", "Services-UnitTesting\Notification\AirlineBookingSystem.Notifications.Core.Tests\AirlineBookingSystem.Notifications.Core.Tests.csproj", "{5D30F9F2-5292-FC66-5E9B-60269E546B74}"
EndProject
Project("{FAE04EC0-301F-11D3-BF4B-00C04F79EFBC}") = "AirlineBookingSystem.Notifications.Infrastructure.Tests", "Services-UnitTesting\Notification\AirlineBookingSystem.Notifications.Infrastructure.Tests\AirlineBookingSystem.Notifications.Infrastructure.Tests.csproj", "{1AC8B86B-7E1C-764B-9F00-1B1E42EF5B62}"
EndProject
Project("{FAE04EC0-301F-11D3-BF4B-00C04F79EFBC}") = "AirlineBookingSystem.Payments.Api.Tests", "Services-UnitTesting\Payment\AirlineBookingSystem.Payments.Api.Tests\AirlineBookingSystem.Payments.Api.Tests.csproj", "{D67F9191-78EE-B9F0-0E17-931C90921700}"
EndProject
Project("{FAE04EC0-301F-11D3-BF4B-00C04F79EFBC}") = "AirlineBookingSystem.Payments.Application.Tests", "Services-UnitTesting\Payment\AirlineBookingSystem.Payments.Application.Tests\AirlineBookingSystem.Payments.Application.Tests.csproj", "{74D9528C-74B8-58C6-ABE0-2BDB1C8BC8B3}"
EndProject
Project("{FAE04EC0-301F-11D3-BF4B-00C04F79EFBC}") = "AirlineBookingSystem.Payments.Core.Tests", "Services-UnitTesting\Payment\AirlineBookingSystem.Payments.Core.Tests\AirlineBookingSystem.Payments.Core.Tests.csproj", "{0C449F10-D506-835C-F6BF-029AF74C6D59}"
EndProject
Project("{FAE04EC0-301F-11D3-BF4B-00C04F79EFBC}") = "AirlineBookingSystem.Payments.Infrastructure.Tests", "Services-UnitTesting\Payment\AirlineBookingSystem.Payments.Infrastructure.Tests\AirlineBookingSystem.Payments.Infrastructure.Tests.csproj", "{1D114C6D-F30A-8183-3DD4-0F80B6B7BE4E}"
EndProject
Project("{FAE04EC0-301F-11D3-BF4B-00C04F79EFBC}") = "AitlineBookingSystem.BuildingBlocks", "BuildingBlocks\AitlineBookingSystem.BuildingBlocks\AitlineBookingSystem.BuildingBlocks.csproj", "{75C605AE-3FD8-4292-A01C-C3DCB2CA0F7B}"
EndProject
Global
	GlobalSection(SolutionConfigurationPlatforms) = preSolution
		Debug|Any CPU = Debug|Any CPU
		Debug|x64 = Debug|x64
		Debug|x86 = Debug|x86
		Release|Any CPU = Release|Any CPU
		Release|x64 = Release|x64
		Release|x86 = Release|x86
	EndGlobalSection
	GlobalSection(ProjectConfigurationPlatforms) = postSolution
		{D360530D-9B15-4B90-A19C-851307018F86}.Debug|Any CPU.ActiveCfg = Debug|Any CPU
		{D360530D-9B15-4B90-A19C-851307018F86}.Debug|Any CPU.Build.0 = Debug|Any CPU
		{D360530D-9B15-4B90-A19C-851307018F86}.Debug|x64.ActiveCfg = Debug|Any CPU
		{D360530D-9B15-4B90-A19C-851307018F86}.Debug|x64.Build.0 = Debug|Any CPU
		{D360530D-9B15-4B90-A19C-851307018F86}.Debug|x86.ActiveCfg = Debug|Any CPU
		{D360530D-9B15-4B90-A19C-851307018F86}.Debug|x86.Build.0 = Debug|Any CPU
		{D360530D-9B15-4B90-A19C-851307018F86}.Release|Any CPU.ActiveCfg = Release|Any CPU
		{D360530D-9B15-4B90-A19C-851307018F86}.Release|Any CPU.Build.0 = Release|Any CPU
		{D360530D-9B15-4B90-A19C-851307018F86}.Release|x64.ActiveCfg = Release|Any CPU
		{D360530D-9B15-4B90-A19C-851307018F86}.Release|x64.Build.0 = Release|Any CPU
		{D360530D-9B15-4B90-A19C-851307018F86}.Release|x86.ActiveCfg = Release|Any CPU
		{D360530D-9B15-4B90-A19C-851307018F86}.Release|x86.Build.0 = Release|Any CPU
		{F53BB222-3E22-46A3-AB5D-D84ACF0B225F}.Debug|Any CPU.ActiveCfg = Debug|Any CPU
		{F53BB222-3E22-46A3-AB5D-D84ACF0B225F}.Debug|Any CPU.Build.0 = Debug|Any CPU
		{F53BB222-3E22-46A3-AB5D-D84ACF0B225F}.Debug|x64.ActiveCfg = Debug|Any CPU
		{F53BB222-3E22-46A3-AB5D-D84ACF0B225F}.Debug|x64.Build.0 = Debug|Any CPU
		{F53BB222-3E22-46A3-AB5D-D84ACF0B225F}.Debug|x86.ActiveCfg = Debug|Any CPU
		{F53BB222-3E22-46A3-AB5D-D84ACF0B225F}.Debug|x86.Build.0 = Debug|Any CPU
		{F53BB222-3E22-46A3-AB5D-D84ACF0B225F}.Release|Any CPU.ActiveCfg = Release|Any CPU
		{F53BB222-3E22-46A3-AB5D-D84ACF0B225F}.Release|Any CPU.Build.0 = Release|Any CPU
		{F53BB222-3E22-46A3-AB5D-D84ACF0B225F}.Release|x64.ActiveCfg = Release|Any CPU
		{F53BB222-3E22-46A3-AB5D-D84ACF0B225F}.Release|x64.Build.0 = Release|Any CPU
		{F53BB222-3E22-46A3-AB5D-D84ACF0B225F}.Release|x86.ActiveCfg = Release|Any CPU
		{F53BB222-3E22-46A3-AB5D-D84ACF0B225F}.Release|x86.Build.0 = Release|Any CPU
		{971C2434-71B8-4CF7-B31C-F69D28401911}.Debug|Any CPU.ActiveCfg = Debug|Any CPU
		{971C2434-71B8-4CF7-B31C-F69D28401911}.Debug|Any CPU.Build.0 = Debug|Any CPU
		{971C2434-71B8-4CF7-B31C-F69D28401911}.Debug|x64.ActiveCfg = Debug|Any CPU
		{971C2434-71B8-4CF7-B31C-F69D28401911}.Debug|x64.Build.0 = Debug|Any CPU
		{971C2434-71B8-4CF7-B31C-F69D28401911}.Debug|x86.ActiveCfg = Debug|Any CPU
		{971C2434-71B8-4CF7-B31C-F69D28401911}.Debug|x86.Build.0 = Debug|Any CPU
		{971C2434-71B8-4CF7-B31C-F69D28401911}.Release|Any CPU.ActiveCfg = Release|Any CPU
		{971C2434-71B8-4CF7-B31C-F69D28401911}.Release|Any CPU.Build.0 = Release|Any CPU
		{971C2434-71B8-4CF7-B31C-F69D28401911}.Release|x64.ActiveCfg = Release|Any CPU
		{971C2434-71B8-4CF7-B31C-F69D28401911}.Release|x64.Build.0 = Release|Any CPU
		{971C2434-71B8-4CF7-B31C-F69D28401911}.Release|x86.ActiveCfg = Release|Any CPU
		{971C2434-71B8-4CF7-B31C-F69D28401911}.Release|x86.Build.0 = Release|Any CPU
		{9ED0DC2D-096D-4437-909E-7A88C25F4C5D}.Debug|Any CPU.ActiveCfg = Debug|Any CPU
		{9ED0DC2D-096D-4437-909E-7A88C25F4C5D}.Debug|Any CPU.Build.0 = Debug|Any CPU
		{9ED0DC2D-096D-4437-909E-7A88C25F4C5D}.Debug|x64.ActiveCfg = Debug|Any CPU
		{9ED0DC2D-096D-4437-909E-7A88C25F4C5D}.Debug|x64.Build.0 = Debug|Any CPU
		{9ED0DC2D-096D-4437-909E-7A88C25F4C5D}.Debug|x86.ActiveCfg = Debug|Any CPU
		{9ED0DC2D-096D-4437-909E-7A88C25F4C5D}.Debug|x86.Build.0 = Debug|Any CPU
		{9ED0DC2D-096D-4437-909E-7A88C25F4C5D}.Release|Any CPU.ActiveCfg = Release|Any CPU
		{9ED0DC2D-096D-4437-909E-7A88C25F4C5D}.Release|Any CPU.Build.0 = Release|Any CPU
		{9ED0DC2D-096D-4437-909E-7A88C25F4C5D}.Release|x64.ActiveCfg = Release|Any CPU
		{9ED0DC2D-096D-4437-909E-7A88C25F4C5D}.Release|x64.Build.0 = Release|Any CPU
		{9ED0DC2D-096D-4437-909E-7A88C25F4C5D}.Release|x86.ActiveCfg = Release|Any CPU
		{9ED0DC2D-096D-4437-909E-7A88C25F4C5D}.Release|x86.Build.0 = Release|Any CPU
		{2C1A01B7-AA58-87B8-5312-6E9E399C3F12}.Debug|Any CPU.ActiveCfg = Debug|Any CPU
		{2C1A01B7-AA58-87B8-5312-6E9E399C3F12}.Debug|Any CPU.Build.0 = Debug|Any CPU
		{2C1A01B7-AA58-87B8-5312-6E9E399C3F12}.Debug|x64.ActiveCfg = Debug|Any CPU
		{2C1A01B7-AA58-87B8-5312-6E9E399C3F12}.Debug|x64.Build.0 = Debug|Any CPU
		{2C1A01B7-AA58-87B8-5312-6E9E399C3F12}.Debug|x86.ActiveCfg = Debug|Any CPU
		{2C1A01B7-AA58-87B8-5312-6E9E399C3F12}.Debug|x86.Build.0 = Debug|Any CPU
		{2C1A01B7-AA58-87B8-5312-6E9E399C3F12}.Release|Any CPU.ActiveCfg = Release|Any CPU
		{2C1A01B7-AA58-87B8-5312-6E9E399C3F12}.Release|Any CPU.Build.0 = Release|Any CPU
		{2C1A01B7-AA58-87B8-5312-6E9E399C3F12}.Release|x64.ActiveCfg = Release|Any CPU
		{2C1A01B7-AA58-87B8-5312-6E9E399C3F12}.Release|x64.Build.0 = Release|Any CPU
		{2C1A01B7-AA58-87B8-5312-6E9E399C3F12}.Release|x86.ActiveCfg = Release|Any CPU
		{2C1A01B7-AA58-87B8-5312-6E9E399C3F12}.Release|x86.Build.0 = Release|Any CPU
		{BCFAC49D-0AED-46F3-25B0-C42874FDBC94}.Debug|Any CPU.ActiveCfg = Debug|Any CPU
		{BCFAC49D-0AED-46F3-25B0-C42874FDBC94}.Debug|Any CPU.Build.0 = Debug|Any CPU
		{BCFAC49D-0AED-46F3-25B0-C42874FDBC94}.Debug|x64.ActiveCfg = Debug|Any CPU
		{BCFAC49D-0AED-46F3-25B0-C42874FDBC94}.Debug|x64.Build.0 = Debug|Any CPU
		{BCFAC49D-0AED-46F3-25B0-C42874FDBC94}.Debug|x86.ActiveCfg = Debug|Any CPU
		{BCFAC49D-0AED-46F3-25B0-C42874FDBC94}.Debug|x86.Build.0 = Debug|Any CPU
		{BCFAC49D-0AED-46F3-25B0-C42874FDBC94}.Release|Any CPU.ActiveCfg = Release|Any CPU
		{BCFAC49D-0AED-46F3-25B0-C42874FDBC94}.Release|Any CPU.Build.0 = Release|Any CPU
		{BCFAC49D-0AED-46F3-25B0-C42874FDBC94}.Release|x64.ActiveCfg = Release|Any CPU
		{BCFAC49D-0AED-46F3-25B0-C42874FDBC94}.Release|x64.Build.0 = Release|Any CPU
		{BCFAC49D-0AED-46F3-25B0-C42874FDBC94}.Release|x86.ActiveCfg = Release|Any CPU
		{BCFAC49D-0AED-46F3-25B0-C42874FDBC94}.Release|x86.Build.0 = Release|Any CPU
		{F7AA2F33-7900-839A-2E23-AD4EA93E0902}.Debug|Any CPU.ActiveCfg = Debug|Any CPU
		{F7AA2F33-7900-839A-2E23-AD4EA93E0902}.Debug|Any CPU.Build.0 = Debug|Any CPU
		{F7AA2F33-7900-839A-2E23-AD4EA93E0902}.Debug|x64.ActiveCfg = Debug|Any CPU
		{F7AA2F33-7900-839A-2E23-AD4EA93E0902}.Debug|x64.Build.0 = Debug|Any CPU
		{F7AA2F33-7900-839A-2E23-AD4EA93E0902}.Debug|x86.ActiveCfg = Debug|Any CPU
		{F7AA2F33-7900-839A-2E23-AD4EA93E0902}.Debug|x86.Build.0 = Debug|Any CPU
		{F7AA2F33-7900-839A-2E23-AD4EA93E0902}.Release|Any CPU.ActiveCfg = Release|Any CPU
		{F7AA2F33-7900-839A-2E23-AD4EA93E0902}.Release|Any CPU.Build.0 = Release|Any CPU
		{F7AA2F33-7900-839A-2E23-AD4EA93E0902}.Release|x64.ActiveCfg = Release|Any CPU
		{F7AA2F33-7900-839A-2E23-AD4EA93E0902}.Release|x64.Build.0 = Release|Any CPU
		{F7AA2F33-7900-839A-2E23-AD4EA93E0902}.Release|x86.ActiveCfg = Release|Any CPU
		{F7AA2F33-7900-839A-2E23-AD4EA93E0902}.Release|x86.Build.0 = Release|Any CPU
		{82D2D62C-47C8-9F6C-212E-6E2DA9AED904}.Debug|Any CPU.ActiveCfg = Debug|Any CPU
		{82D2D62C-47C8-9F6C-212E-6E2DA9AED904}.Debug|Any CPU.Build.0 = Debug|Any CPU
		{82D2D62C-47C8-9F6C-212E-6E2DA9AED904}.Debug|x64.ActiveCfg = Debug|Any CPU
		{82D2D62C-47C8-9F6C-212E-6E2DA9AED904}.Debug|x64.Build.0 = Debug|Any CPU
		{82D2D62C-47C8-9F6C-212E-6E2DA9AED904}.Debug|x86.ActiveCfg = Debug|Any CPU
		{82D2D62C-47C8-9F6C-212E-6E2DA9AED904}.Debug|x86.Build.0 = Debug|Any CPU
		{82D2D62C-47C8-9F6C-212E-6E2DA9AED904}.Release|Any CPU.ActiveCfg = Release|Any CPU
		{82D2D62C-47C8-9F6C-212E-6E2DA9AED904}.Release|Any CPU.Build.0 = Release|Any CPU
		{82D2D62C-47C8-9F6C-212E-6E2DA9AED904}.Release|x64.ActiveCfg = Release|Any CPU
		{82D2D62C-47C8-9F6C-212E-6E2DA9AED904}.Release|x64.Build.0 = Release|Any CPU
		{82D2D62C-47C8-9F6C-212E-6E2DA9AED904}.Release|x86.ActiveCfg = Release|Any CPU
		{82D2D62C-47C8-9F6C-212E-6E2DA9AED904}.Release|x86.Build.0 = Release|Any CPU
		{7A0E6895-9C7E-BC00-68E0-1DF0D40DA417}.Debug|Any CPU.ActiveCfg = Debug|Any CPU
		{7A0E6895-9C7E-BC00-68E0-1DF0D40DA417}.Debug|Any CPU.Build.0 = Debug|Any CPU
		{7A0E6895-9C7E-BC00-68E0-1DF0D40DA417}.Debug|x64.ActiveCfg = Debug|Any CPU
		{7A0E6895-9C7E-BC00-68E0-1DF0D40DA417}.Debug|x64.Build.0 = Debug|Any CPU
		{7A0E6895-9C7E-BC00-68E0-1DF0D40DA417}.Debug|x86.ActiveCfg = Debug|Any CPU
		{7A0E6895-9C7E-BC00-68E0-1DF0D40DA417}.Debug|x86.Build.0 = Debug|Any CPU
		{7A0E6895-9C7E-BC00-68E0-1DF0D40DA417}.Release|Any CPU.ActiveCfg = Release|Any CPU
		{7A0E6895-9C7E-BC00-68E0-1DF0D40DA417}.Release|Any CPU.Build.0 = Release|Any CPU
		{7A0E6895-9C7E-BC00-68E0-1DF0D40DA417}.Release|x64.ActiveCfg = Release|Any CPU
		{7A0E6895-9C7E-BC00-68E0-1DF0D40DA417}.Release|x64.Build.0 = Release|Any CPU
		{7A0E6895-9C7E-BC00-68E0-1DF0D40DA417}.Release|x86.ActiveCfg = Release|Any CPU
		{7A0E6895-9C7E-BC00-68E0-1DF0D40DA417}.Release|x86.Build.0 = Release|Any CPU
		{BAC85D2E-4157-D1B9-1D90-181DC806B87F}.Debug|Any CPU.ActiveCfg = Debug|Any CPU
		{BAC85D2E-4157-D1B9-1D90-181DC806B87F}.Debug|Any CPU.Build.0 = Debug|Any CPU
		{BAC85D2E-4157-D1B9-1D90-181DC806B87F}.Debug|x64.ActiveCfg = Debug|Any CPU
		{BAC85D2E-4157-D1B9-1D90-181DC806B87F}.Debug|x64.Build.0 = Debug|Any CPU
		{BAC85D2E-4157-D1B9-1D90-181DC806B87F}.Debug|x86.ActiveCfg = Debug|Any CPU
		{BAC85D2E-4157-D1B9-1D90-181DC806B87F}.Debug|x86.Build.0 = Debug|Any CPU
		{BAC85D2E-4157-D1B9-1D90-181DC806B87F}.Release|Any CPU.ActiveCfg = Release|Any CPU
		{BAC85D2E-4157-D1B9-1D90-181DC806B87F}.Release|Any CPU.Build.0 = Release|Any CPU
		{BAC85D2E-4157-D1B9-1D90-181DC806B87F}.Release|x64.ActiveCfg = Release|Any CPU
		{BAC85D2E-4157-D1B9-1D90-181DC806B87F}.Release|x64.Build.0 = Release|Any CPU
		{BAC85D2E-4157-D1B9-1D90-181DC806B87F}.Release|x86.ActiveCfg = Release|Any CPU
		{BAC85D2E-4157-D1B9-1D90-181DC806B87F}.Release|x86.Build.0 = Release|Any CPU
		{13D1725A-22C7-F9AA-2E2D-4A36D8EBFE24}.Debug|Any CPU.ActiveCfg = Debug|Any CPU
		{13D1725A-22C7-F9AA-2E2D-4A36D8EBFE24}.Debug|Any CPU.Build.0 = Debug|Any CPU
		{13D1725A-22C7-F9AA-2E2D-4A36D8EBFE24}.Debug|x64.ActiveCfg = Debug|Any CPU
		{13D1725A-22C7-F9AA-2E2D-4A36D8EBFE24}.Debug|x64.Build.0 = Debug|Any CPU
		{13D1725A-22C7-F9AA-2E2D-4A36D8EBFE24}.Debug|x86.ActiveCfg = Debug|Any CPU
		{13D1725A-22C7-F9AA-2E2D-4A36D8EBFE24}.Debug|x86.Build.0 = Debug|Any CPU
		{13D1725A-22C7-F9AA-2E2D-4A36D8EBFE24}.Release|Any CPU.ActiveCfg = Release|Any CPU
		{13D1725A-22C7-F9AA-2E2D-4A36D8EBFE24}.Release|Any CPU.Build.0 = Release|Any CPU
		{13D1725A-22C7-F9AA-2E2D-4A36D8EBFE24}.Release|x64.ActiveCfg = Release|Any CPU
		{13D1725A-22C7-F9AA-2E2D-4A36D8EBFE24}.Release|x64.Build.0 = Release|Any CPU
		{13D1725A-22C7-F9AA-2E2D-4A36D8EBFE24}.Release|x86.ActiveCfg = Release|Any CPU
		{13D1725A-22C7-F9AA-2E2D-4A36D8EBFE24}.Release|x86.Build.0 = Release|Any CPU
		{472E92FF-07CF-FA76-769E-809C89FB3BD6}.Debug|Any CPU.ActiveCfg = Debug|Any CPU
		{472E92FF-07CF-FA76-769E-809C89FB3BD6}.Debug|Any CPU.Build.0 = Debug|Any CPU
		{472E92FF-07CF-FA76-769E-809C89FB3BD6}.Debug|x64.ActiveCfg = Debug|Any CPU
		{472E92FF-07CF-FA76-769E-809C89FB3BD6}.Debug|x64.Build.0 = Debug|Any CPU
		{472E92FF-07CF-FA76-769E-809C89FB3BD6}.Debug|x86.ActiveCfg = Debug|Any CPU
		{472E92FF-07CF-FA76-769E-809C89FB3BD6}.Debug|x86.Build.0 = Debug|Any CPU
		{472E92FF-07CF-FA76-769E-809C89FB3BD6}.Release|Any CPU.ActiveCfg = Release|Any CPU
		{472E92FF-07CF-FA76-769E-809C89FB3BD6}.Release|Any CPU.Build.0 = Release|Any CPU
		{472E92FF-07CF-FA76-769E-809C89FB3BD6}.Release|x64.ActiveCfg = Release|Any CPU
		{472E92FF-07CF-FA76-769E-809C89FB3BD6}.Release|x64.Build.0 = Release|Any CPU
		{472E92FF-07CF-FA76-769E-809C89FB3BD6}.Release|x86.ActiveCfg = Release|Any CPU
		{472E92FF-07CF-FA76-769E-809C89FB3BD6}.Release|x86.Build.0 = Release|Any CPU
		{F5A786B6-B80A-8E3A-8355-5FCE2FE114AE}.Debug|Any CPU.ActiveCfg = Debug|Any CPU
		{F5A786B6-B80A-8E3A-8355-5FCE2FE114AE}.Debug|Any CPU.Build.0 = Debug|Any CPU
		{F5A786B6-B80A-8E3A-8355-5FCE2FE114AE}.Debug|x64.ActiveCfg = Debug|Any CPU
		{F5A786B6-B80A-8E3A-8355-5FCE2FE114AE}.Debug|x64.Build.0 = Debug|Any CPU
		{F5A786B6-B80A-8E3A-8355-5FCE2FE114AE}.Debug|x86.ActiveCfg = Debug|Any CPU
		{F5A786B6-B80A-8E3A-8355-5FCE2FE114AE}.Debug|x86.Build.0 = Debug|Any CPU
		{F5A786B6-B80A-8E3A-8355-5FCE2FE114AE}.Release|Any CPU.ActiveCfg = Release|Any CPU
		{F5A786B6-B80A-8E3A-8355-5FCE2FE114AE}.Release|Any CPU.Build.0 = Release|Any CPU
		{F5A786B6-B80A-8E3A-8355-5FCE2FE114AE}.Release|x64.ActiveCfg = Release|Any CPU
		{F5A786B6-B80A-8E3A-8355-5FCE2FE114AE}.Release|x64.Build.0 = Release|Any CPU
		{F5A786B6-B80A-8E3A-8355-5FCE2FE114AE}.Release|x86.ActiveCfg = Release|Any CPU
		{F5A786B6-B80A-8E3A-8355-5FCE2FE114AE}.Release|x86.Build.0 = Release|Any CPU
		{2F1499B2-C406-BDAF-FCFB-D31F491C57D6}.Debug|Any CPU.ActiveCfg = Debug|Any CPU
		{2F1499B2-C406-BDAF-FCFB-D31F491C57D6}.Debug|Any CPU.Build.0 = Debug|Any CPU
		{2F1499B2-C406-BDAF-FCFB-D31F491C57D6}.Debug|x64.ActiveCfg = Debug|Any CPU
		{2F1499B2-C406-BDAF-FCFB-D31F491C57D6}.Debug|x64.Build.0 = Debug|Any CPU
		{2F1499B2-C406-BDAF-FCFB-D31F491C57D6}.Debug|x86.ActiveCfg = Debug|Any CPU
		{2F1499B2-C406-BDAF-FCFB-D31F491C57D6}.Debug|x86.Build.0 = Debug|Any CPU
		{2F1499B2-C406-BDAF-FCFB-D31F491C57D6}.Release|Any CPU.ActiveCfg = Release|Any CPU
		{2F1499B2-C406-BDAF-FCFB-D31F491C57D6}.Release|Any CPU.Build.0 = Release|Any CPU
		{2F1499B2-C406-BDAF-FCFB-D31F491C57D6}.Release|x64.ActiveCfg = Release|Any CPU
		{2F1499B2-C406-BDAF-FCFB-D31F491C57D6}.Release|x64.Build.0 = Release|Any CPU
		{2F1499B2-C406-BDAF-FCFB-D31F491C57D6}.Release|x86.ActiveCfg = Release|Any CPU
		{2F1499B2-C406-BDAF-FCFB-D31F491C57D6}.Release|x86.Build.0 = Release|Any CPU
		{08E1D64D-46FE-3220-1798-97DAA5A35723}.Debug|Any CPU.ActiveCfg = Debug|Any CPU
		{08E1D64D-46FE-3220-1798-97DAA5A35723}.Debug|Any CPU.Build.0 = Debug|Any CPU
		{08E1D64D-46FE-3220-1798-97DAA5A35723}.Debug|x64.ActiveCfg = Debug|Any CPU
		{08E1D64D-46FE-3220-1798-97DAA5A35723}.Debug|x64.Build.0 = Debug|Any CPU
		{08E1D64D-46FE-3220-1798-97DAA5A35723}.Debug|x86.ActiveCfg = Debug|Any CPU
		{08E1D64D-46FE-3220-1798-97DAA5A35723}.Debug|x86.Build.0 = Debug|Any CPU
		{08E1D64D-46FE-3220-1798-97DAA5A35723}.Release|Any CPU.ActiveCfg = Release|Any CPU
		{08E1D64D-46FE-3220-1798-97DAA5A35723}.Release|Any CPU.Build.0 = Release|Any CPU
		{08E1D64D-46FE-3220-1798-97DAA5A35723}.Release|x64.ActiveCfg = Release|Any CPU
		{08E1D64D-46FE-3220-1798-97DAA5A35723}.Release|x64.Build.0 = Release|Any CPU
		{08E1D64D-46FE-3220-1798-97DAA5A35723}.Release|x86.ActiveCfg = Release|Any CPU
		{08E1D64D-46FE-3220-1798-97DAA5A35723}.Release|x86.Build.0 = Release|Any CPU
		{FBD680F6-22DD-9352-3CB3-AFE2658B0F02}.Debug|Any CPU.ActiveCfg = Debug|Any CPU
		{FBD680F6-22DD-9352-3CB3-AFE2658B0F02}.Debug|Any CPU.Build.0 = Debug|Any CPU
		{FBD680F6-22DD-9352-3CB3-AFE2658B0F02}.Debug|x64.ActiveCfg = Debug|Any CPU
		{FBD680F6-22DD-9352-3CB3-AFE2658B0F02}.Debug|x64.Build.0 = Debug|Any CPU
		{FBD680F6-22DD-9352-3CB3-AFE2658B0F02}.Debug|x86.ActiveCfg = Debug|Any CPU
		{FBD680F6-22DD-9352-3CB3-AFE2658B0F02}.Debug|x86.Build.0 = Debug|Any CPU
		{FBD680F6-22DD-9352-3CB3-AFE2658B0F02}.Release|Any CPU.ActiveCfg = Release|Any CPU
		{FBD680F6-22DD-9352-3CB3-AFE2658B0F02}.Release|Any CPU.Build.0 = Release|Any CPU
		{FBD680F6-22DD-9352-3CB3-AFE2658B0F02}.Release|x64.ActiveCfg = Release|Any CPU
		{FBD680F6-22DD-9352-3CB3-AFE2658B0F02}.Release|x64.Build.0 = Release|Any CPU
		{FBD680F6-22DD-9352-3CB3-AFE2658B0F02}.Release|x86.ActiveCfg = Release|Any CPU
		{FBD680F6-22DD-9352-3CB3-AFE2658B0F02}.Release|x86.Build.0 = Release|Any CPU
		{7F997E06-D38D-BDEE-B70A-A108B567C45F}.Debug|Any CPU.ActiveCfg = Debug|Any CPU
		{7F997E06-D38D-BDEE-B70A-A108B567C45F}.Debug|Any CPU.Build.0 = Debug|Any CPU
		{7F997E06-D38D-BDEE-B70A-A108B567C45F}.Debug|x64.ActiveCfg = Debug|Any CPU
		{7F997E06-D38D-BDEE-B70A-A108B567C45F}.Debug|x64.Build.0 = Debug|Any CPU
		{7F997E06-D38D-BDEE-B70A-A108B567C45F}.Debug|x86.ActiveCfg = Debug|Any CPU
		{7F997E06-D38D-BDEE-B70A-A108B567C45F}.Debug|x86.Build.0 = Debug|Any CPU
		{7F997E06-D38D-BDEE-B70A-A108B567C45F}.Release|Any CPU.ActiveCfg = Release|Any CPU
		{7F997E06-D38D-BDEE-B70A-A108B567C45F}.Release|Any CPU.Build.0 = Release|Any CPU
		{7F997E06-D38D-BDEE-B70A-A108B567C45F}.Release|x64.ActiveCfg = Release|Any CPU
		{7F997E06-D38D-BDEE-B70A-A108B567C45F}.Release|x64.Build.0 = Release|Any CPU
		{7F997E06-D38D-BDEE-B70A-A108B567C45F}.Release|x86.ActiveCfg = Release|Any CPU
		{7F997E06-D38D-BDEE-B70A-A108B567C45F}.Release|x86.Build.0 = Release|Any CPU
		{D85F0CF5-502A-0DB0-8484-95591359A260}.Debug|Any CPU.ActiveCfg = Debug|Any CPU
		{D85F0CF5-502A-0DB0-8484-95591359A260}.Debug|Any CPU.Build.0 = Debug|Any CPU
		{D85F0CF5-502A-0DB0-8484-95591359A260}.Debug|x64.ActiveCfg = Debug|Any CPU
		{D85F0CF5-502A-0DB0-8484-95591359A260}.Debug|x64.Build.0 = Debug|Any CPU
		{D85F0CF5-502A-0DB0-8484-95591359A260}.Debug|x86.ActiveCfg = Debug|Any CPU
		{D85F0CF5-502A-0DB0-8484-95591359A260}.Debug|x86.Build.0 = Debug|Any CPU
		{D85F0CF5-502A-0DB0-8484-95591359A260}.Release|Any CPU.ActiveCfg = Release|Any CPU
		{D85F0CF5-502A-0DB0-8484-95591359A260}.Release|Any CPU.Build.0 = Release|Any CPU
		{D85F0CF5-502A-0DB0-8484-95591359A260}.Release|x64.ActiveCfg = Release|Any CPU
		{D85F0CF5-502A-0DB0-8484-95591359A260}.Release|x64.Build.0 = Release|Any CPU
		{D85F0CF5-502A-0DB0-8484-95591359A260}.Release|x86.ActiveCfg = Release|Any CPU
		{D85F0CF5-502A-0DB0-8484-95591359A260}.Release|x86.Build.0 = Release|Any CPU
		{632317D4-F51A-88A5-2457-B4B0D96A41CD}.Debug|Any CPU.ActiveCfg = Debug|Any CPU
		{632317D4-F51A-88A5-2457-B4B0D96A41CD}.Debug|Any CPU.Build.0 = Debug|Any CPU
		{632317D4-F51A-88A5-2457-B4B0D96A41CD}.Debug|x64.ActiveCfg = Debug|Any CPU
		{632317D4-F51A-88A5-2457-B4B0D96A41CD}.Debug|x64.Build.0 = Debug|Any CPU
		{632317D4-F51A-88A5-2457-B4B0D96A41CD}.Debug|x86.ActiveCfg = Debug|Any CPU
		{632317D4-F51A-88A5-2457-B4B0D96A41CD}.Debug|x86.Build.0 = Debug|Any CPU
		{632317D4-F51A-88A5-2457-B4B0D96A41CD}.Release|Any CPU.ActiveCfg = Release|Any CPU
		{632317D4-F51A-88A5-2457-B4B0D96A41CD}.Release|Any CPU.Build.0 = Release|Any CPU
		{632317D4-F51A-88A5-2457-B4B0D96A41CD}.Release|x64.ActiveCfg = Release|Any CPU
		{632317D4-F51A-88A5-2457-B4B0D96A41CD}.Release|x64.Build.0 = Release|Any CPU
		{632317D4-F51A-88A5-2457-B4B0D96A41CD}.Release|x86.ActiveCfg = Release|Any CPU
		{632317D4-F51A-88A5-2457-B4B0D96A41CD}.Release|x86.Build.0 = Release|Any CPU
		{1A003CEB-C355-327A-9756-8665790775FC}.Debug|Any CPU.ActiveCfg = Debug|Any CPU
		{1A003CEB-C355-327A-9756-8665790775FC}.Debug|Any CPU.Build.0 = Debug|Any CPU
		{1A003CEB-C355-327A-9756-8665790775FC}.Debug|x64.ActiveCfg = Debug|Any CPU
		{1A003CEB-C355-327A-9756-8665790775FC}.Debug|x64.Build.0 = Debug|Any CPU
		{1A003CEB-C355-327A-9756-8665790775FC}.Debug|x86.ActiveCfg = Debug|Any CPU
		{1A003CEB-C355-327A-9756-8665790775FC}.Debug|x86.Build.0 = Debug|Any CPU
		{1A003CEB-C355-327A-9756-8665790775FC}.Release|Any CPU.ActiveCfg = Release|Any CPU
		{1A003CEB-C355-327A-9756-8665790775FC}.Release|Any CPU.Build.0 = Release|Any CPU
		{1A003CEB-C355-327A-9756-8665790775FC}.Release|x64.ActiveCfg = Release|Any CPU
		{1A003CEB-C355-327A-9756-8665790775FC}.Release|x64.Build.0 = Release|Any CPU
		{1A003CEB-C355-327A-9756-8665790775FC}.Release|x86.ActiveCfg = Release|Any CPU
		{1A003CEB-C355-327A-9756-8665790775FC}.Release|x86.Build.0 = Release|Any CPU
		{94F2B23C-8A20-9591-21DD-2CDF501F7258}.Debug|Any CPU.ActiveCfg = Debug|Any CPU
		{94F2B23C-8A20-9591-21DD-2CDF501F7258}.Debug|Any CPU.Build.0 = Debug|Any CPU
		{94F2B23C-8A20-9591-21DD-2CDF501F7258}.Debug|x64.ActiveCfg = Debug|Any CPU
		{94F2B23C-8A20-9591-21DD-2CDF501F7258}.Debug|x64.Build.0 = Debug|Any CPU
		{94F2B23C-8A20-9591-21DD-2CDF501F7258}.Debug|x86.ActiveCfg = Debug|Any CPU
		{94F2B23C-8A20-9591-21DD-2CDF501F7258}.Debug|x86.Build.0 = Debug|Any CPU
		{94F2B23C-8A20-9591-21DD-2CDF501F7258}.Release|Any CPU.ActiveCfg = Release|Any CPU
		{94F2B23C-8A20-9591-21DD-2CDF501F7258}.Release|Any CPU.Build.0 = Release|Any CPU
		{94F2B23C-8A20-9591-21DD-2CDF501F7258}.Release|x64.ActiveCfg = Release|Any CPU
		{94F2B23C-8A20-9591-21DD-2CDF501F7258}.Release|x64.Build.0 = Release|Any CPU
		{94F2B23C-8A20-9591-21DD-2CDF501F7258}.Release|x86.ActiveCfg = Release|Any CPU
		{94F2B23C-8A20-9591-21DD-2CDF501F7258}.Release|x86.Build.0 = Release|Any CPU
		{CA6292F7-FFC6-2D1A-A7E4-07047C04A49E}.Debug|Any CPU.ActiveCfg = Debug|Any CPU
		{CA6292F7-FFC6-2D1A-A7E4-07047C04A49E}.Debug|Any CPU.Build.0 = Debug|Any CPU
		{CA6292F7-FFC6-2D1A-A7E4-07047C04A49E}.Debug|x64.ActiveCfg = Debug|Any CPU
		{CA6292F7-FFC6-2D1A-A7E4-07047C04A49E}.Debug|x64.Build.0 = Debug|Any CPU
		{CA6292F7-FFC6-2D1A-A7E4-07047C04A49E}.Debug|x86.ActiveCfg = Debug|Any CPU
		{CA6292F7-FFC6-2D1A-A7E4-07047C04A49E}.Debug|x86.Build.0 = Debug|Any CPU
		{CA6292F7-FFC6-2D1A-A7E4-07047C04A49E}.Release|Any CPU.ActiveCfg = Release|Any CPU
		{CA6292F7-FFC6-2D1A-A7E4-07047C04A49E}.Release|Any CPU.Build.0 = Release|Any CPU
		{CA6292F7-FFC6-2D1A-A7E4-07047C04A49E}.Release|x64.ActiveCfg = Release|Any CPU
		{CA6292F7-FFC6-2D1A-A7E4-07047C04A49E}.Release|x64.Build.0 = Release|Any CPU
		{CA6292F7-FFC6-2D1A-A7E4-07047C04A49E}.Release|x86.ActiveCfg = Release|Any CPU
		{CA6292F7-FFC6-2D1A-A7E4-07047C04A49E}.Release|x86.Build.0 = Release|Any CPU
		{33352947-0DEF-EBB5-FF29-EA5214495CDD}.Debug|Any CPU.ActiveCfg = Debug|Any CPU
		{33352947-0DEF-EBB5-FF29-EA5214495CDD}.Debug|Any CPU.Build.0 = Debug|Any CPU
		{33352947-0DEF-EBB5-FF29-EA5214495CDD}.Debug|x64.ActiveCfg = Debug|Any CPU
		{33352947-0DEF-EBB5-FF29-EA5214495CDD}.Debug|x64.Build.0 = Debug|Any CPU
		{33352947-0DEF-EBB5-FF29-EA5214495CDD}.Debug|x86.ActiveCfg = Debug|Any CPU
		{33352947-0DEF-EBB5-FF29-EA5214495CDD}.Debug|x86.Build.0 = Debug|Any CPU
		{33352947-0DEF-EBB5-FF29-EA5214495CDD}.Release|Any CPU.ActiveCfg = Release|Any CPU
		{33352947-0DEF-EBB5-FF29-EA5214495CDD}.Release|Any CPU.Build.0 = Release|Any CPU
		{33352947-0DEF-EBB5-FF29-EA5214495CDD}.Release|x64.ActiveCfg = Release|Any CPU
		{33352947-0DEF-EBB5-FF29-EA5214495CDD}.Release|x64.Build.0 = Release|Any CPU
		{33352947-0DEF-EBB5-FF29-EA5214495CDD}.Release|x86.ActiveCfg = Release|Any CPU
		{33352947-0DEF-EBB5-FF29-EA5214495CDD}.Release|x86.Build.0 = Release|Any CPU
		{FA5F111E-FA7F-3086-98BC-362220E64E49}.Debug|Any CPU.ActiveCfg = Debug|Any CPU
		{FA5F111E-FA7F-3086-98BC-362220E64E49}.Debug|Any CPU.Build.0 = Debug|Any CPU
		{FA5F111E-FA7F-3086-98BC-362220E64E49}.Debug|x64.ActiveCfg = Debug|Any CPU
		{FA5F111E-FA7F-3086-98BC-362220E64E49}.Debug|x64.Build.0 = Debug|Any CPU
		{FA5F111E-FA7F-3086-98BC-362220E64E49}.Debug|x86.ActiveCfg = Debug|Any CPU
		{FA5F111E-FA7F-3086-98BC-362220E64E49}.Debug|x86.Build.0 = Debug|Any CPU
		{FA5F111E-FA7F-3086-98BC-362220E64E49}.Release|Any CPU.ActiveCfg = Release|Any CPU
		{FA5F111E-FA7F-3086-98BC-362220E64E49}.Release|Any CPU.Build.0 = Release|Any CPU
		{FA5F111E-FA7F-3086-98BC-362220E64E49}.Release|x64.ActiveCfg = Release|Any CPU
		{FA5F111E-FA7F-3086-98BC-362220E64E49}.Release|x64.Build.0 = Release|Any CPU
		{FA5F111E-FA7F-3086-98BC-362220E64E49}.Release|x86.ActiveCfg = Release|Any CPU
		{FA5F111E-FA7F-3086-98BC-362220E64E49}.Release|x86.Build.0 = Release|Any CPU
		{9284C082-82E2-9394-9CA4-718916B03FC3}.Debug|Any CPU.ActiveCfg = Debug|Any CPU
		{9284C082-82E2-9394-9CA4-718916B03FC3}.Debug|Any CPU.Build.0 = Debug|Any CPU
		{9284C082-82E2-9394-9CA4-718916B03FC3}.Debug|x64.ActiveCfg = Debug|Any CPU
		{9284C082-82E2-9394-9CA4-718916B03FC3}.Debug|x64.Build.0 = Debug|Any CPU
		{9284C082-82E2-9394-9CA4-718916B03FC3}.Debug|x86.ActiveCfg = Debug|Any CPU
		{9284C082-82E2-9394-9CA4-718916B03FC3}.Debug|x86.Build.0 = Debug|Any CPU
		{9284C082-82E2-9394-9CA4-718916B03FC3}.Release|Any CPU.ActiveCfg = Release|Any CPU
		{9284C082-82E2-9394-9CA4-718916B03FC3}.Release|Any CPU.Build.0 = Release|Any CPU
		{9284C082-82E2-9394-9CA4-718916B03FC3}.Release|x64.ActiveCfg = Release|Any CPU
		{9284C082-82E2-9394-9CA4-718916B03FC3}.Release|x64.Build.0 = Release|Any CPU
		{9284C082-82E2-9394-9CA4-718916B03FC3}.Release|x86.ActiveCfg = Release|Any CPU
		{9284C082-82E2-9394-9CA4-718916B03FC3}.Release|x86.Build.0 = Release|Any CPU
		{A23800A9-0BB5-D095-7A0D-9694135E4D12}.Debug|Any CPU.ActiveCfg = Debug|Any CPU
		{A23800A9-0BB5-D095-7A0D-9694135E4D12}.Debug|Any CPU.Build.0 = Debug|Any CPU
		{A23800A9-0BB5-D095-7A0D-9694135E4D12}.Debug|x64.ActiveCfg = Debug|Any CPU
		{A23800A9-0BB5-D095-7A0D-9694135E4D12}.Debug|x64.Build.0 = Debug|Any CPU
		{A23800A9-0BB5-D095-7A0D-9694135E4D12}.Debug|x86.ActiveCfg = Debug|Any CPU
		{A23800A9-0BB5-D095-7A0D-9694135E4D12}.Debug|x86.Build.0 = Debug|Any CPU
		{A23800A9-0BB5-D095-7A0D-9694135E4D12}.Release|Any CPU.ActiveCfg = Release|Any CPU
		{A23800A9-0BB5-D095-7A0D-9694135E4D12}.Release|Any CPU.Build.0 = Release|Any CPU
		{A23800A9-0BB5-D095-7A0D-9694135E4D12}.Release|x64.ActiveCfg = Release|Any CPU
		{A23800A9-0BB5-D095-7A0D-9694135E4D12}.Release|x64.Build.0 = Release|Any CPU
		{A23800A9-0BB5-D095-7A0D-9694135E4D12}.Release|x86.ActiveCfg = Release|Any CPU
		{A23800A9-0BB5-D095-7A0D-9694135E4D12}.Release|x86.Build.0 = Release|Any CPU
		{5D30F9F2-5292-FC66-5E9B-60269E546B74}.Debug|Any CPU.ActiveCfg = Debug|Any CPU
		{5D30F9F2-5292-FC66-5E9B-60269E546B74}.Debug|Any CPU.Build.0 = Debug|Any CPU
		{5D30F9F2-5292-FC66-5E9B-60269E546B74}.Debug|x64.ActiveCfg = Debug|Any CPU
		{5D30F9F2-5292-FC66-5E9B-60269E546B74}.Debug|x64.Build.0 = Debug|Any CPU
		{5D30F9F2-5292-FC66-5E9B-60269E546B74}.Debug|x86.ActiveCfg = Debug|Any CPU
		{5D30F9F2-5292-FC66-5E9B-60269E546B74}.Debug|x86.Build.0 = Debug|Any CPU
		{5D30F9F2-5292-FC66-5E9B-60269E546B74}.Release|Any CPU.ActiveCfg = Release|Any CPU
		{5D30F9F2-5292-FC66-5E9B-60269E546B74}.Release|Any CPU.Build.0 = Release|Any CPU
		{5D30F9F2-5292-FC66-5E9B-60269E546B74}.Release|x64.ActiveCfg = Release|Any CPU
		{5D30F9F2-5292-FC66-5E9B-60269E546B74}.Release|x64.Build.0 = Release|Any CPU
		{5D30F9F2-5292-FC66-5E9B-60269E546B74}.Release|x86.ActiveCfg = Release|Any CPU
		{5D30F9F2-5292-FC66-5E9B-60269E546B74}.Release|x86.Build.0 = Release|Any CPU
		{1AC8B86B-7E1C-764B-9F00-1B1E42EF5B62}.Debug|Any CPU.ActiveCfg = Debug|Any CPU
		{1AC8B86B-7E1C-764B-9F00-1B1E42EF5B62}.Debug|Any CPU.Build.0 = Debug|Any CPU
		{1AC8B86B-7E1C-764B-9F00-1B1E42EF5B62}.Debug|x64.ActiveCfg = Debug|Any CPU
		{1AC8B86B-7E1C-764B-9F00-1B1E42EF5B62}.Debug|x64.Build.0 = Debug|Any CPU
		{1AC8B86B-7E1C-764B-9F00-1B1E42EF5B62}.Debug|x86.ActiveCfg = Debug|Any CPU
		{1AC8B86B-7E1C-764B-9F00-1B1E42EF5B62}.Debug|x86.Build.0 = Debug|Any CPU
		{1AC8B86B-7E1C-764B-9F00-1B1E42EF5B62}.Release|Any CPU.ActiveCfg = Release|Any CPU
		{1AC8B86B-7E1C-764B-9F00-1B1E42EF5B62}.Release|Any CPU.Build.0 = Release|Any CPU
		{1AC8B86B-7E1C-764B-9F00-1B1E42EF5B62}.Release|x64.ActiveCfg = Release|Any CPU
		{1AC8B86B-7E1C-764B-9F00-1B1E42EF5B62}.Release|x64.Build.0 = Release|Any CPU
		{1AC8B86B-7E1C-764B-9F00-1B1E42EF5B62}.Release|x86.ActiveCfg = Release|Any CPU
		{1AC8B86B-7E1C-764B-9F00-1B1E42EF5B62}.Release|x86.Build.0 = Release|Any CPU
		{D67F9191-78EE-B9F0-0E17-931C90921700}.Debug|Any CPU.ActiveCfg = Debug|Any CPU
		{D67F9191-78EE-B9F0-0E17-931C90921700}.Debug|Any CPU.Build.0 = Debug|Any CPU
		{D67F9191-78EE-B9F0-0E17-931C90921700}.Debug|x64.ActiveCfg = Debug|Any CPU
		{D67F9191-78EE-B9F0-0E17-931C90921700}.Debug|x64.Build.0 = Debug|Any CPU
		{D67F9191-78EE-B9F0-0E17-931C90921700}.Debug|x86.ActiveCfg = Debug|Any CPU
		{D67F9191-78EE-B9F0-0E17-931C90921700}.Debug|x86.Build.0 = Debug|Any CPU
		{D67F9191-78EE-B9F0-0E17-931C90921700}.Release|Any CPU.ActiveCfg = Release|Any CPU
		{D67F9191-78EE-B9F0-0E17-931C90921700}.Release|Any CPU.Build.0 = Release|Any CPU
		{D67F9191-78EE-B9F0-0E17-931C90921700}.Release|x64.ActiveCfg = Release|Any CPU
		{D67F9191-78EE-B9F0-0E17-931C90921700}.Release|x64.Build.0 = Release|Any CPU
		{D67F9191-78EE-B9F0-0E17-931C90921700}.Release|x86.ActiveCfg = Release|Any CPU
		{D67F9191-78EE-B9F0-0E17-931C90921700}.Release|x86.Build.0 = Release|Any CPU
		{74D9528C-74B8-58C6-ABE0-2BDB1C8BC8B3}.Debug|Any CPU.ActiveCfg = Debug|Any CPU
		{74D9528C-74B8-58C6-ABE0-2BDB1C8BC8B3}.Debug|Any CPU.Build.0 = Debug|Any CPU
		{74D9528C-74B8-58C6-ABE0-2BDB1C8BC8B3}.Debug|x64.ActiveCfg = Debug|Any CPU
		{74D9528C-74B8-58C6-ABE0-2BDB1C8BC8B3}.Debug|x64.Build.0 = Debug|Any CPU
		{74D9528C-74B8-58C6-ABE0-2BDB1C8BC8B3}.Debug|x86.ActiveCfg = Debug|Any CPU
		{74D9528C-74B8-58C6-ABE0-2BDB1C8BC8B3}.Debug|x86.Build.0 = Debug|Any CPU
		{74D9528C-74B8-58C6-ABE0-2BDB1C8BC8B3}.Release|Any CPU.ActiveCfg = Release|Any CPU
		{74D9528C-74B8-58C6-ABE0-2BDB1C8BC8B3}.Release|Any CPU.Build.0 = Release|Any CPU
		{74D9528C-74B8-58C6-ABE0-2BDB1C8BC8B3}.Release|x64.ActiveCfg = Release|Any CPU
		{74D9528C-74B8-58C6-ABE0-2BDB1C8BC8B3}.Release|x64.Build.0 = Release|Any CPU
		{74D9528C-74B8-58C6-ABE0-2BDB1C8BC8B3}.Release|x86.ActiveCfg = Release|Any CPU
		{74D9528C-74B8-58C6-ABE0-2BDB1C8BC8B3}.Release|x86.Build.0 = Release|Any CPU
		{0C449F10-D506-835C-F6BF-029AF74C6D59}.Debug|Any CPU.ActiveCfg = Debug|Any CPU
		{0C449F10-D506-835C-F6BF-029AF74C6D59}.Debug|Any CPU.Build.0 = Debug|Any CPU
		{0C449F10-D506-835C-F6BF-029AF74C6D59}.Debug|x64.ActiveCfg = Debug|Any CPU
		{0C449F10-D506-835C-F6BF-029AF74C6D59}.Debug|x64.Build.0 = Debug|Any CPU
		{0C449F10-D506-835C-F6BF-029AF74C6D59}.Debug|x86.ActiveCfg = Debug|Any CPU
		{0C449F10-D506-835C-F6BF-029AF74C6D59}.Debug|x86.Build.0 = Debug|Any CPU
		{0C449F10-D506-835C-F6BF-029AF74C6D59}.Release|Any CPU.ActiveCfg = Release|Any CPU
		{0C449F10-D506-835C-F6BF-029AF74C6D59}.Release|Any CPU.Build.0 = Release|Any CPU
		{0C449F10-D506-835C-F6BF-029AF74C6D59}.Release|x64.ActiveCfg = Release|Any CPU
		{0C449F10-D506-835C-F6BF-029AF74C6D59}.Release|x64.Build.0 = Release|Any CPU
		{0C449F10-D506-835C-F6BF-029AF74C6D59}.Release|x86.ActiveCfg = Release|Any CPU
		{0C449F10-D506-835C-F6BF-029AF74C6D59}.Release|x86.Build.0 = Release|Any CPU
		{1D114C6D-F30A-8183-3DD4-0F80B6B7BE4E}.Debug|Any CPU.ActiveCfg = Debug|Any CPU
		{1D114C6D-F30A-8183-3DD4-0F80B6B7BE4E}.Debug|Any CPU.Build.0 = Debug|Any CPU
		{1D114C6D-F30A-8183-3DD4-0F80B6B7BE4E}.Debug|x64.ActiveCfg = Debug|Any CPU
		{1D114C6D-F30A-8183-3DD4-0F80B6B7BE4E}.Debug|x64.Build.0 = Debug|Any CPU
		{1D114C6D-F30A-8183-3DD4-0F80B6B7BE4E}.Debug|x86.ActiveCfg = Debug|Any CPU
		{1D114C6D-F30A-8183-3DD4-0F80B6B7BE4E}.Debug|x86.Build.0 = Debug|Any CPU
		{1D114C6D-F30A-8183-3DD4-0F80B6B7BE4E}.Release|Any CPU.ActiveCfg = Release|Any CPU
		{1D114C6D-F30A-8183-3DD4-0F80B6B7BE4E}.Release|Any CPU.Build.0 = Release|Any CPU
		{1D114C6D-F30A-8183-3DD4-0F80B6B7BE4E}.Release|x64.ActiveCfg = Release|Any CPU
		{1D114C6D-F30A-8183-3DD4-0F80B6B7BE4E}.Release|x64.Build.0 = Release|Any CPU
		{1D114C6D-F30A-8183-3DD4-0F80B6B7BE4E}.Release|x86.ActiveCfg = Release|Any CPU
		{1D114C6D-F30A-8183-3DD4-0F80B6B7BE4E}.Release|x86.Build.0 = Release|Any CPU
		{75C605AE-3FD8-4292-A01C-C3DCB2CA0F7B}.Debug|Any CPU.ActiveCfg = Debug|Any CPU
		{75C605AE-3FD8-4292-A01C-C3DCB2CA0F7B}.Debug|Any CPU.Build.0 = Debug|Any CPU
		{75C605AE-3FD8-4292-A01C-C3DCB2CA0F7B}.Debug|x64.ActiveCfg = Debug|Any CPU
		{75C605AE-3FD8-4292-A01C-C3DCB2CA0F7B}.Debug|x64.Build.0 = Debug|Any CPU
		{75C605AE-3FD8-4292-A01C-C3DCB2CA0F7B}.Debug|x86.ActiveCfg = Debug|Any CPU
		{75C605AE-3FD8-4292-A01C-C3DCB2CA0F7B}.Debug|x86.Build.0 = Debug|Any CPU
		{75C605AE-3FD8-4292-A01C-C3DCB2CA0F7B}.Release|Any CPU.ActiveCfg = Release|Any CPU
		{75C605AE-3FD8-4292-A01C-C3DCB2CA0F7B}.Release|Any CPU.Build.0 = Release|Any CPU
		{75C605AE-3FD8-4292-A01C-C3DCB2CA0F7B}.Release|x64.ActiveCfg = Release|Any CPU
		{75C605AE-3FD8-4292-A01C-C3DCB2CA0F7B}.Release|x64.Build.0 = Release|Any CPU
		{75C605AE-3FD8-4292-A01C-C3DCB2CA0F7B}.Release|x86.ActiveCfg = Release|Any CPU
		{75C605AE-3FD8-4292-A01C-C3DCB2CA0F7B}.Release|x86.Build.0 = Release|Any CPU
	EndGlobalSection
	GlobalSection(SolutionProperties) = preSolution
		HideSolutionNode = FALSE
	EndGlobalSection
	GlobalSection(NestedProjects) = preSolution
		{EDF976B3-B1D5-9C5C-314D-F965FB2448D0} = {5854FF58-B8C5-05C6-5BF2-ACE42193F22B}
		{D360530D-9B15-4B90-A19C-851307018F86} = {EDF976B3-B1D5-9C5C-314D-F965FB2448D0}
		{F53BB222-3E22-46A3-AB5D-D84ACF0B225F} = {EDF976B3-B1D5-9C5C-314D-F965FB2448D0}
		{971C2434-71B8-4CF7-B31C-F69D28401911} = {EDF976B3-B1D5-9C5C-314D-F965FB2448D0}
		{9ED0DC2D-096D-4437-909E-7A88C25F4C5D} = {EDF976B3-B1D5-9C5C-314D-F965FB2448D0}
		{BE8E6D17-A4D8-4CFA-B793-E8A5524D83E0} = {5854FF58-B8C5-05C6-5BF2-ACE42193F22B}
		{2C1A01B7-AA58-87B8-5312-6E9E399C3F12} = {BE8E6D17-A4D8-4CFA-B793-E8A5524D83E0}
		{BCFAC49D-0AED-46F3-25B0-C42874FDBC94} = {BE8E6D17-A4D8-4CFA-B793-E8A5524D83E0}
		{F7AA2F33-7900-839A-2E23-AD4EA93E0902} = {BE8E6D17-A4D8-4CFA-B793-E8A5524D83E0}
		{82D2D62C-47C8-9F6C-212E-6E2DA9AED904} = {BE8E6D17-A4D8-4CFA-B793-E8A5524D83E0}
		{62DE7812-E789-4CD3-A505-D85BFB2B3DF2} = {5854FF58-B8C5-05C6-5BF2-ACE42193F22B}
		{7A0E6895-9C7E-BC00-68E0-1DF0D40DA417} = {62DE7812-E789-4CD3-A505-D85BFB2B3DF2}
		{BAC85D2E-4157-D1B9-1D90-181DC806B87F} = {62DE7812-E789-4CD3-A505-D85BFB2B3DF2}
		{13D1725A-22C7-F9AA-2E2D-4A36D8EBFE24} = {62DE7812-E789-4CD3-A505-D85BFB2B3DF2}
		{472E92FF-07CF-FA76-769E-809C89FB3BD6} = {62DE7812-E789-4CD3-A505-D85BFB2B3DF2}
		{7ABB3F84-C605-494D-85B9-7A546633AFDD} = {5854FF58-B8C5-05C6-5BF2-ACE42193F22B}
		{F5A786B6-B80A-8E3A-8355-5FCE2FE114AE} = {7ABB3F84-C605-494D-85B9-7A546633AFDD}
		{2F1499B2-C406-BDAF-FCFB-D31F491C57D6} = {7ABB3F84-C605-494D-85B9-7A546633AFDD}
		{08E1D64D-46FE-3220-1798-97DAA5A35723} = {7ABB3F84-C605-494D-85B9-7A546633AFDD}
		{FBD680F6-22DD-9352-3CB3-AFE2658B0F02} = {7ABB3F84-C605-494D-85B9-7A546633AFDD}
		{85BA3BC5-E19F-455F-9477-F3799AAC2326} = {55B7C061-2E2A-44D5-B7C5-5C8D4F2277E3}
		{7F997E06-D38D-BDEE-B70A-A108B567C45F} = {85BA3BC5-E19F-455F-9477-F3799AAC2326}
		{D85F0CF5-502A-0DB0-8484-95591359A260} = {85BA3BC5-E19F-455F-9477-F3799AAC2326}
		{632317D4-F51A-88A5-2457-B4B0D96A41CD} = {85BA3BC5-E19F-455F-9477-F3799AAC2326}
		{1A003CEB-C355-327A-9756-8665790775FC} = {85BA3BC5-E19F-455F-9477-F3799AAC2326}
		{06D0B168-7E6F-4E69-94FC-3D11A88B8643} = {55B7C061-2E2A-44D5-B7C5-5C8D4F2277E3}
		{CD63609C-4539-462B-A4C4-22B1D385FC8D} = {55B7C061-2E2A-44D5-B7C5-5C8D4F2277E3}
		{45AB681A-D5FF-43DE-AAA1-562D1A30EF48} = {55B7C061-2E2A-44D5-B7C5-5C8D4F2277E3}
		{94F2B23C-8A20-9591-21DD-2CDF501F7258} = {06D0B168-7E6F-4E69-94FC-3D11A88B8643}
		{CA6292F7-FFC6-2D1A-A7E4-07047C04A49E} = {06D0B168-7E6F-4E69-94FC-3D11A88B8643}
		{33352947-0DEF-EBB5-FF29-EA5214495CDD} = {06D0B168-7E6F-4E69-94FC-3D11A88B8643}
		{FA5F111E-FA7F-3086-98BC-362220E64E49} = {06D0B168-7E6F-4E69-94FC-3D11A88B8643}
		{9284C082-82E2-9394-9CA4-718916B03FC3} = {CD63609C-4539-462B-A4C4-22B1D385FC8D}
		{A23800A9-0BB5-D095-7A0D-9694135E4D12} = {CD63609C-4539-462B-A4C4-22B1D385FC8D}
		{5D30F9F2-5292-FC66-5E9B-60269E546B74} = {CD63609C-4539-462B-A4C4-22B1D385FC8D}
		{1AC8B86B-7E1C-764B-9F00-1B1E42EF5B62} = {CD63609C-4539-462B-A4C4-22B1D385FC8D}
		{D67F9191-78EE-B9F0-0E17-931C90921700} = {45AB681A-D5FF-43DE-AAA1-562D1A30EF48}
		{74D9528C-74B8-58C6-ABE0-2BDB1C8BC8B3} = {45AB681A-D5FF-43DE-AAA1-562D1A30EF48}
		{0C449F10-D506-835C-F6BF-029AF74C6D59} = {45AB681A-D5FF-43DE-AAA1-562D1A30EF48}
		{1D114C6D-F30A-8183-3DD4-0F80B6B7BE4E} = {45AB681A-D5FF-43DE-AAA1-562D1A30EF48}
		{75C605AE-3FD8-4292-A01C-C3DCB2CA0F7B} = {E8C6D983-4E9E-47FE-A765-0B16403B378E}
	EndGlobalSection
	GlobalSection(ExtensibilityGlobals) = postSolution
		SolutionGuid = {C96267DA-C765-4E48-AF62-4A7916CEB458}
	EndGlobalSection
EndGlobal
